
Microsoft Visual Studio Solution File, Format Version 12.00
# Visual Studio Version 16
VisualStudioVersion = 16.0.32510.428
MinimumVisualStudioVersion = 10.0.40219.1
Project("{9A19103F-16F7-4668-BE54-9A1E7A4F7556}") = "Utils", "Utils\Utils.csproj", "{2A205CC0-FCDA-486C-8A15-FD942BA5FA51}"
EndProject
Project("{9A19103F-16F7-4668-BE54-9A1E7A4F7556}") = "Entities", "Domain\Entities.csproj", "{B94FFB24-7F83-4299-878A-64F2ACF984BE}"
EndProject
Project("{9A19103F-16F7-4668-BE54-9A1E7A4F7556}") = "DataAccess.MsSql", "DataAccess\DataAccess.MsSql.csproj", "{0BB9FB44-FB51-48B4-8E26-91B43E0FAEBB}"
EndProject
Project("{2150E333-8FDC-42A3-9474-1A3956D46DE8}") = "1 Entities", "1 Entities", "{C2983675-27B0-4A0A-A0DB-280DD1262A2E}"
EndProject
Project("{2150E333-8FDC-42A3-9474-1A3956D46DE8}") = "4 Infrastructure.Implementation", "4 Infrastructure.Implementation", "{6730CD31-D19E-46F7-BD07-F3248CDFCA1A}"
EndProject
Project("{2150E333-8FDC-42A3-9474-1A3956D46DE8}") = "2 Infrastructure.Interfaces", "2 Infrastructure.Interfaces", "{33EC5FB1-242D-4FCC-9CAC-2C92C52AADD5}"
EndProject
Project("{2150E333-8FDC-42A3-9474-1A3956D46DE8}") = "0 Utils", "0 Utils", "{6C31B6DE-87A5-4825-A22E-188FD317DD43}"
EndProject
Project("{9A19103F-16F7-4668-BE54-9A1E7A4F7556}") = "DataAccess.Interfaces", "DataAccess.Interfaces\DataAccess.Interfaces.csproj", "{671B27AD-BA22-4A56-8B97-97A7865973E6}"
EndProject
Project("{9A19103F-16F7-4668-BE54-9A1E7A4F7556}") = "Email.MailKit", "Infrastructure.Implementation\Email.MailKit.csproj", "{7C0D48A7-2AF0-405D-A826-02D966683C59}"
EndProject
Project("{9A19103F-16F7-4668-BE54-9A1E7A4F7556}") = "Email.Interfaces", "Email.Interfaces\Email.Interfaces.csproj", "{5D530F3F-57DA-470B-8FA3-091EFE90031B}"
EndProject
Project("{9A19103F-16F7-4668-BE54-9A1E7A4F7556}") = "WebApp.Interfaces", "WebApp.Interfaces\WebApp.Interfaces.csproj", "{B8F01D8E-74F6-4785-911D-6A75392BF5C6}"
EndProject
Project("{9A19103F-16F7-4668-BE54-9A1E7A4F7556}") = "ApplicationServices.Interfaces", "ApplicationServices.Interfaces\ApplicationServices.Interfaces.csproj", "{EFB29FD3-B8D9-4FD4-8F89-489A22A6E4B6}"
EndProject
Project("{9A19103F-16F7-4668-BE54-9A1E7A4F7556}") = "ApplicationServices.Implementation", "ApplicationServices.Implementation\ApplicationServices.Implementation.csproj", "{E32DF54A-4657-4131-853E-3CB2C204C374}"
EndProject
Project("{2150E333-8FDC-42A3-9474-1A3956D46DE8}") = "3 Application", "3 Application", "{21A384D1-2A99-4104-8DD0-5E7827CB5CC7}"
EndProject
Project("{2150E333-8FDC-42A3-9474-1A3956D46DE8}") = "Web", "Web", "{68A05C2D-BBAD-4F3A-88E9-6DB8D107CD90}"
EndProject
Project("{FAE04EC0-301F-11D3-BF4B-00C04F79EFBC}") = "Web.Controllers", "Web.Controllers\Web.Controllers.csproj", "{8381BAA0-FD6C-4677-81C7-C9D06275105F}"
EndProject
Project("{FAE04EC0-301F-11D3-BF4B-00C04F79EFBC}") = "WebApp", "WebApp\WebApp.csproj", "{A5C0E056-28E2-4570-8C7D-BBCA950AA5CD}"
EndProject
Project("{FAE04EC0-301F-11D3-BF4B-00C04F79EFBC}") = "Web.UseCases", "Web.UseCases\Web.UseCases.csproj", "{6D1CD550-5144-4818-8F50-FF1E8EC50DFA}"
EndProject
Global
	GlobalSection(SolutionConfigurationPlatforms) = preSolution
		Debug|Any CPU = Debug|Any CPU
		Release|Any CPU = Release|Any CPU
	EndGlobalSection
	GlobalSection(ProjectConfigurationPlatforms) = postSolution
		{2A205CC0-FCDA-486C-8A15-FD942BA5FA51}.Debug|Any CPU.ActiveCfg = Debug|Any CPU
		{2A205CC0-FCDA-486C-8A15-FD942BA5FA51}.Debug|Any CPU.Build.0 = Debug|Any CPU
		{2A205CC0-FCDA-486C-8A15-FD942BA5FA51}.Release|Any CPU.ActiveCfg = Release|Any CPU
		{2A205CC0-FCDA-486C-8A15-FD942BA5FA51}.Release|Any CPU.Build.0 = Release|Any CPU
		{B94FFB24-7F83-4299-878A-64F2ACF984BE}.Debug|Any CPU.ActiveCfg = Debug|Any CPU
		{B94FFB24-7F83-4299-878A-64F2ACF984BE}.Debug|Any CPU.Build.0 = Debug|Any CPU
		{B94FFB24-7F83-4299-878A-64F2ACF984BE}.Release|Any CPU.ActiveCfg = Release|Any CPU
		{B94FFB24-7F83-4299-878A-64F2ACF984BE}.Release|Any CPU.Build.0 = Release|Any CPU
		{0BB9FB44-FB51-48B4-8E26-91B43E0FAEBB}.Debug|Any CPU.ActiveCfg = Debug|Any CPU
		{0BB9FB44-FB51-48B4-8E26-91B43E0FAEBB}.Debug|Any CPU.Build.0 = Debug|Any CPU
		{0BB9FB44-FB51-48B4-8E26-91B43E0FAEBB}.Release|Any CPU.ActiveCfg = Release|Any CPU
		{0BB9FB44-FB51-48B4-8E26-91B43E0FAEBB}.Release|Any CPU.Build.0 = Release|Any CPU
		{671B27AD-BA22-4A56-8B97-97A7865973E6}.Debug|Any CPU.ActiveCfg = Debug|Any CPU
		{671B27AD-BA22-4A56-8B97-97A7865973E6}.Debug|Any CPU.Build.0 = Debug|Any CPU
		{671B27AD-BA22-4A56-8B97-97A7865973E6}.Release|Any CPU.ActiveCfg = Release|Any CPU
		{671B27AD-BA22-4A56-8B97-97A7865973E6}.Release|Any CPU.Build.0 = Release|Any CPU
		{7C0D48A7-2AF0-405D-A826-02D966683C59}.Debug|Any CPU.ActiveCfg = Debug|Any CPU
		{7C0D48A7-2AF0-405D-A826-02D966683C59}.Debug|Any CPU.Build.0 = Debug|Any CPU
		{7C0D48A7-2AF0-405D-A826-02D966683C59}.Release|Any CPU.ActiveCfg = Release|Any CPU
		{7C0D48A7-2AF0-405D-A826-02D966683C59}.Release|Any CPU.Build.0 = Release|Any CPU
		{5D530F3F-57DA-470B-8FA3-091EFE90031B}.Debug|Any CPU.ActiveCfg = Debug|Any CPU
		{5D530F3F-57DA-470B-8FA3-091EFE90031B}.Debug|Any CPU.Build.0 = Debug|Any CPU
		{5D530F3F-57DA-470B-8FA3-091EFE90031B}.Release|Any CPU.ActiveCfg = Release|Any CPU
		{5D530F3F-57DA-470B-8FA3-091EFE90031B}.Release|Any CPU.Build.0 = Release|Any CPU
		{B8F01D8E-74F6-4785-911D-6A75392BF5C6}.Debug|Any CPU.ActiveCfg = Debug|Any CPU
		{B8F01D8E-74F6-4785-911D-6A75392BF5C6}.Debug|Any CPU.Build.0 = Debug|Any CPU
		{B8F01D8E-74F6-4785-911D-6A75392BF5C6}.Release|Any CPU.ActiveCfg = Release|Any CPU
		{B8F01D8E-74F6-4785-911D-6A75392BF5C6}.Release|Any CPU.Build.0 = Release|Any CPU
		{EFB29FD3-B8D9-4FD4-8F89-489A22A6E4B6}.Debug|Any CPU.ActiveCfg = Debug|Any CPU
		{EFB29FD3-B8D9-4FD4-8F89-489A22A6E4B6}.Debug|Any CPU.Build.0 = Debug|Any CPU
		{EFB29FD3-B8D9-4FD4-8F89-489A22A6E4B6}.Release|Any CPU.ActiveCfg = Release|Any CPU
		{EFB29FD3-B8D9-4FD4-8F89-489A22A6E4B6}.Release|Any CPU.Build.0 = Release|Any CPU
		{E32DF54A-4657-4131-853E-3CB2C204C374}.Debug|Any CPU.ActiveCfg = Debug|Any CPU
		{E32DF54A-4657-4131-853E-3CB2C204C374}.Debug|Any CPU.Build.0 = Debug|Any CPU
		{E32DF54A-4657-4131-853E-3CB2C204C374}.Release|Any CPU.ActiveCfg = Release|Any CPU
		{E32DF54A-4657-4131-853E-3CB2C204C374}.Release|Any CPU.Build.0 = Release|Any CPU
		{8381BAA0-FD6C-4677-81C7-C9D06275105F}.Debug|Any CPU.ActiveCfg = Debug|Any CPU
		{8381BAA0-FD6C-4677-81C7-C9D06275105F}.Debug|Any CPU.Build.0 = Debug|Any CPU
		{8381BAA0-FD6C-4677-81C7-C9D06275105F}.Release|Any CPU.ActiveCfg = Release|Any CPU
		{8381BAA0-FD6C-4677-81C7-C9D06275105F}.Release|Any CPU.Build.0 = Release|Any CPU
		{A5C0E056-28E2-4570-8C7D-BBCA950AA5CD}.Debug|Any CPU.ActiveCfg = Debug|Any CPU
		{A5C0E056-28E2-4570-8C7D-BBCA950AA5CD}.Debug|Any CPU.Build.0 = Debug|Any CPU
		{A5C0E056-28E2-4570-8C7D-BBCA950AA5CD}.Release|Any CPU.ActiveCfg = Release|Any CPU
		{A5C0E056-28E2-4570-8C7D-BBCA950AA5CD}.Release|Any CPU.Build.0 = Release|Any CPU
		{6D1CD550-5144-4818-8F50-FF1E8EC50DFA}.Debug|Any CPU.ActiveCfg = Debug|Any CPU
		{6D1CD550-5144-4818-8F50-FF1E8EC50DFA}.Debug|Any CPU.Build.0 = Debug|Any CPU
		{6D1CD550-5144-4818-8F50-FF1E8EC50DFA}.Release|Any CPU.ActiveCfg = Release|Any CPU
		{6D1CD550-5144-4818-8F50-FF1E8EC50DFA}.Release|Any CPU.Build.0 = Release|Any CPU
	EndGlobalSection
	GlobalSection(SolutionProperties) = preSolution
		HideSolutionNode = FALSE
	EndGlobalSection
	GlobalSection(NestedProjects) = preSolution
		{2A205CC0-FCDA-486C-8A15-FD942BA5FA51} = {6C31B6DE-87A5-4825-A22E-188FD317DD43}
		{B94FFB24-7F83-4299-878A-64F2ACF984BE} = {C2983675-27B0-4A0A-A0DB-280DD1262A2E}
		{0BB9FB44-FB51-48B4-8E26-91B43E0FAEBB} = {6730CD31-D19E-46F7-BD07-F3248CDFCA1A}
		{671B27AD-BA22-4A56-8B97-97A7865973E6} = {33EC5FB1-242D-4FCC-9CAC-2C92C52AADD5}
		{7C0D48A7-2AF0-405D-A826-02D966683C59} = {6730CD31-D19E-46F7-BD07-F3248CDFCA1A}
		{5D530F3F-57DA-470B-8FA3-091EFE90031B} = {33EC5FB1-242D-4FCC-9CAC-2C92C52AADD5}
		{B8F01D8E-74F6-4785-911D-6A75392BF5C6} = {33EC5FB1-242D-4FCC-9CAC-2C92C52AADD5}
		{EFB29FD3-B8D9-4FD4-8F89-489A22A6E4B6} = {21A384D1-2A99-4104-8DD0-5E7827CB5CC7}
		{E32DF54A-4657-4131-853E-3CB2C204C374} = {21A384D1-2A99-4104-8DD0-5E7827CB5CC7}
		{8381BAA0-FD6C-4677-81C7-C9D06275105F} = {68A05C2D-BBAD-4F3A-88E9-6DB8D107CD90}
		{6D1CD550-5144-4818-8F50-FF1E8EC50DFA} = {68A05C2D-BBAD-4F3A-88E9-6DB8D107CD90}
	EndGlobalSection
	GlobalSection(ExtensibilityGlobals) = postSolution
		SolutionGuid = {DC223CB2-C478-4752-ACD2-3AE39BDBEE7A}
	EndGlobalSection
EndGlobal
